
Microsoft Visual Studio Solution File, Format Version 12.00
# Visual Studio Version 17
VisualStudioVersion = 17.0.31903.59
MinimumVisualStudioVersion = 10.0.40219.1
Project("{FAE04EC0-301F-11D3-BF4B-00C04F79EFBC}") = "PrimeService", "PrimeService\PrimeService.csproj", "{F18F3A1D-388F-405C-B05B-4E7AAFA07A78}"
EndProject
Project("{FAE04EC0-301F-11D3-BF4B-00C04F79EFBC}") = "PrimeService.Tests", "PrimeService.Tests\PrimeService.Tests.csproj", "{CC3F325D-3E2E-46A1-A830-F82DF4C31EAA}"
EndProject
Global
	GlobalSection(SolutionConfigurationPlatforms) = preSolution
		Debug|Any CPU = Debug|Any CPU
		Debug|x64 = Debug|x64
		Debug|x86 = Debug|x86
		Release|Any CPU = Release|Any CPU
		Release|x64 = Release|x64
		Release|x86 = Release|x86
	EndGlobalSection
	GlobalSection(ProjectConfigurationPlatforms) = postSolution
		{F18F3A1D-388F-405C-B05B-4E7AAFA07A78}.Debug|Any CPU.ActiveCfg = Debug|Any CPU
		{F18F3A1D-388F-405C-B05B-4E7AAFA07A78}.Debug|Any CPU.Build.0 = Debug|Any CPU
		{F18F3A1D-388F-405C-B05B-4E7AAFA07A78}.Debug|x64.ActiveCfg = Debug|Any CPU
		{F18F3A1D-388F-405C-B05B-4E7AAFA07A78}.Debug|x64.Build.0 = Debug|Any CPU
		{F18F3A1D-388F-405C-B05B-4E7AAFA07A78}.Debug|x86.ActiveCfg = Debug|Any CPU
		{F18F3A1D-388F-405C-B05B-4E7AAFA07A78}.Debug|x86.Build.0 = Debug|Any CPU
		{F18F3A1D-388F-405C-B05B-4E7AAFA07A78}.Release|Any CPU.ActiveCfg = Release|Any CPU
		{F18F3A1D-388F-405C-B05B-4E7AAFA07A78}.Release|Any CPU.Build.0 = Release|Any CPU
		{F18F3A1D-388F-405C-B05B-4E7AAFA07A78}.Release|x64.ActiveCfg = Release|Any CPU
		{F18F3A1D-388F-405C-B05B-4E7AAFA07A78}.Release|x64.Build.0 = Release|Any CPU
		{F18F3A1D-388F-405C-B05B-4E7AAFA07A78}.Release|x86.ActiveCfg = Release|Any CPU
		{F18F3A1D-388F-405C-B05B-4E7AAFA07A78}.Release|x86.Build.0 = Release|Any CPU
		{CC3F325D-3E2E-46A1-A830-F82DF4C31EAA}.Debug|Any CPU.ActiveCfg = Debug|Any CPU
		{CC3F325D-3E2E-46A1-A830-F82DF4C31EAA}.Debug|Any CPU.Build.0 = Debug|Any CPU
		{CC3F325D-3E2E-46A1-A830-F82DF4C31EAA}.Debug|x64.ActiveCfg = Debug|Any CPU
		{CC3F325D-3E2E-46A1-A830-F82DF4C31EAA}.Debug|x64.Build.0 = Debug|Any CPU
		{CC3F325D-3E2E-46A1-A830-F82DF4C31EAA}.Debug|x86.ActiveCfg = Debug|Any CPU
		{CC3F325D-3E2E-46A1-A830-F82DF4C31EAA}.Debug|x86.Build.0 = Debug|Any CPU
		{CC3F325D-3E2E-46A1-A830-F82DF4C31EAA}.Release|Any CPU.ActiveCfg = Release|Any CPU
		{CC3F325D-3E2E-46A1-A830-F82DF4C31EAA}.Release|Any CPU.Build.0 = Release|Any CPU
		{CC3F325D-3E2E-46A1-A830-F82DF4C31EAA}.Release|x64.ActiveCfg = Release|Any CPU
		{CC3F325D-3E2E-46A1-A830-F82DF4C31EAA}.Release|x64.Build.0 = Release|Any CPU
		{CC3F325D-3E2E-46A1-A830-F82DF4C31EAA}.Release|x86.ActiveCfg = Release|Any CPU
		{CC3F325D-3E2E-46A1-A830-F82DF4C31EAA}.Release|x86.Build.0 = Release|Any CPU
	EndGlobalSection
	GlobalSection(SolutionProperties) = preSolution
		HideSolutionNode = FALSE
	EndGlobalSection
EndGlobal
